
Microsoft Visual Studio Solution File, Format Version 12.00
# Visual Studio 15
VisualStudioVersion = 15.0.27703.2042
MinimumVisualStudioVersion = 10.0.40219.1
Project("{FAE04EC0-301F-11D3-BF4B-00C04F79EFBC}") = "tetris1", "tetris1\tetris1.csproj", "{911DD74D-3D05-4127-8006-0128A6BC6195}"
EndProject
Global
	GlobalSection(SolutionConfigurationPlatforms) = preSolution
		Debug|Any CPU = Debug|Any CPU
		Release|Any CPU = Release|Any CPU
	EndGlobalSection
	GlobalSection(ProjectConfigurationPlatforms) = postSolution
		{911DD74D-3D05-4127-8006-0128A6BC6195}.Debug|Any CPU.ActiveCfg = Debug|Any CPU
		{911DD74D-3D05-4127-8006-0128A6BC6195}.Debug|Any CPU.Build.0 = Debug|Any CPU
		{911DD74D-3D05-4127-8006-0128A6BC6195}.Release|Any CPU.ActiveCfg = Release|Any CPU
		{911DD74D-3D05-4127-8006-0128A6BC6195}.Release|Any CPU.Build.0 = Release|Any CPU
	EndGlobalSection
	GlobalSection(SolutionProperties) = preSolution
		HideSolutionNode = FALSE
	EndGlobalSection
	GlobalSection(ExtensibilityGlobals) = postSolution
		SolutionGuid = {4857AC70-9BCF-45C2-A3E9-54C9673441E3}
	EndGlobalSection
EndGlobal
